{
  "name": "assay_allocation_app",
  "version": "1.0.0",
  "lockfileVersion": 1,
  "requires": true,
  "dependencies": {
    "animate.css": {
      "version": "3.5.2",
      "resolved": "https://registry.npmjs.org/animate.css/-/animate.css-3.5.2.tgz",
      "integrity": "sha1-keZo3AaagI5eSZUUhnuXquAWbDY="
    },
    "atoa": {
      "version": "1.0.0",
      "resolved": "https://registry.npmjs.org/atoa/-/atoa-1.0.0.tgz",
      "integrity": "sha1-DMDpGkgOc4+SPrwQNnZHF3mzSkk="
    },
    "bullseye": {
      "version": "1.5.0",
      "resolved": "https://registry.npmjs.org/bullseye/-/bullseye-1.5.0.tgz",
      "integrity": "sha1-gaZ4ZYGUjfR7sdaQvb9IRMuGC4w=",
      "requires": {
        "crossvent": "1.5.4",
        "seleccion": "2.0.0",
        "sell": "1.0.0"
      }
    },
    "contra": {
      "version": "1.9.4",
      "resolved": "https://registry.npmjs.org/contra/-/contra-1.9.4.tgz",
      "integrity": "sha1-9TveQtfltZhcrk2ZqNYQUm3o8o0=",
      "requires": {
        "atoa": "1.0.0",
        "ticky": "1.0.1"
      }
    },
    "crossvent": {
      "version": "1.5.4",
      "resolved": "https://registry.npmjs.org/crossvent/-/crossvent-1.5.4.tgz",
      "integrity": "sha1-2ixPj0DJR4JRe/K+7BBEFIGUq5I=",
      "requires": {
        "custom-event": "1.0.0"
      }
    },
    "custom-event": {
      "version": "1.0.0",
      "resolved": "https://registry.npmjs.org/custom-event/-/custom-event-1.0.0.tgz",
      "integrity": "sha1-LkYovhncSyFLXAJjDFlx6BFhgGI="
    },
    "fuzzysearch": {
      "version": "1.0.3",
      "resolved": "https://registry.npmjs.org/fuzzysearch/-/fuzzysearch-1.0.3.tgz",
      "integrity": "sha1-3/yA9tawQiPyImqnndGUIxCW0Ag="
    },
    "hash-sum": {
      "version": "1.0.2",
      "resolved": "https://registry.npmjs.org/hash-sum/-/hash-sum-1.0.2.tgz",
      "integrity": "sha1-M7QHd3VMZDJXPBIMw4CLvRDUfwQ="
    },
    "horsey": {
      "version": "4.2.2",
      "resolved": "https://registry.npmjs.org/horsey/-/horsey-4.2.2.tgz",
      "integrity": "sha1-RtQYk34Fcbdz6rNkv2wGEb+nAjg=",
      "requires": {
        "bullseye": "1.5.0",
        "contra": "1.9.4",
        "crossvent": "1.5.4",
        "fuzzysearch": "1.0.3",
        "hash-sum": "1.0.2",
        "lodash": "4.13.1",
        "sektor": "1.1.4",
        "sell": "1.0.0"
      },
      "dependencies": {
        "lodash": {
          "version": "4.13.1",
          "resolved": "https://registry.npmjs.org/lodash/-/lodash-4.13.1.tgz",
          "integrity": "sha1-g+SxCRP0hJbU0W/sSlYK8u50S2g="
        }
      }
    },
    "sektor": {
      "version": "1.1.4",
      "resolved": "https://registry.npmjs.org/sektor/-/sektor-1.1.4.tgz",
      "integrity": "sha1-TM7kQczyrP5GlYws5GhCbKfHYuY="
    },
    "seleccion": {
      "version": "2.0.0",
      "resolved": "https://registry.npmjs.org/seleccion/-/seleccion-2.0.0.tgz",
      "integrity": "sha1-CYSsHo31E+OLQaYI5lBC6DgeCnM="
    },
    "sell": {
      "version": "1.0.0",
      "resolved": "https://registry.npmjs.org/sell/-/sell-1.0.0.tgz",
      "integrity": "sha1-O6yn5R943e6eIu6hrHR6Y2i9FjA="
    },
    "ticky": {
      "version": "1.0.1",
      "resolved": "https://registry.npmjs.org/ticky/-/ticky-1.0.1.tgz",
      "integrity": "sha1-t8+nHnaPHJAAxJe5FRswlHxQ5G0="
    }
  }
}
